github.com/satiyap/kaapi v0.0.0-20251105085642-95cc7e2a8aad h1:IJymBwHj1Ob8w1G50XJXjmIVP98NdhwpjLcjjWcCu8s=
github.com/satiyap/kaapi v0.0.0-20251105085642-95cc7e2a8aad/go.mod h1:JzycefyGpnzh5N0POs37R/UO6149qjfhYhgTNIrIH7U=
github.com/satiyap/kaapi v0.0.0-20251105093015-53431f8b8c70 h1:zgQM2DFox/kf0bu4DmYhUFiU5B+jEojRbDvKqyqzwUI=
github.com/satiyap/kaapi v0.0.0-20251105093015-53431f8b8c70/go.mod h1:JzycefyGpnzh5N0POs37R/UO6149qjfhYhgTNIrIH7U=
